{
  "name": "playspace",
  "version": "1.0.0",
  "lockfileVersion": 2,
  "requires": true,
  "packages": {
    "": {
      "version": "1.0.0",
      "license": "ISC",
      "dependencies": {
        "snappy": "^7.1.1"
      }
    },
    "node_modules/@napi-rs/snappy-android-arm-eabi": {
      "version": "7.1.1",
      "resolved": "https://registry.npmjs.org/@napi-rs/snappy-android-arm-eabi/-/snappy-android-arm-eabi-7.1.1.tgz",
      "integrity": "sha512-NKd/ztuVEgQaAaNVQ5zZaCB9VV+7+uBXBHqhaE5iSapQhLc41szTlT0s68FCee75OoT3vhqdA6Jp5TrzZ2WOaw==",
      "cpu": [
        "arm"
      ],
      "optional": true,
      "os": [
        "android"
      ],
      "engines": {
        "node": ">= 10"
      }
    },
    "node_modules/@napi-rs/snappy-android-arm64": {
      "version": "7.1.1",
      "resolved": "https://registry.npmjs.org/@napi-rs/snappy-android-arm64/-/snappy-android-arm64-7.1.1.tgz",
      "integrity": "sha512-DktruMAO0K0toTnxNHg2GWNIAPJqdvIchCsdsRaKyuEnG101qBg0mYiRCAhxHgbT6RJlOGbUPKkbA9KKRhEJUg==",
      "cpu": [
        "arm64"
      ],
      "optional": true,
      "os": [
        "android"
      ],
      "engines": {
        "node": ">= 10"
      }
    },
    "node_modules/@napi-rs/snappy-darwin-arm64": {
      "version": "7.1.1",
      "resolved": "https://registry.npmjs.org/@napi-rs/snappy-darwin-arm64/-/snappy-darwin-arm64-7.1.1.tgz",
      "integrity": "sha512-3LZyoAw3Qa5F7sCCTkSkhmGlydwUKU6L3Jl46eKHO2Ctm8Gcjxww6T7MfwlwGZ6JqAM6d1d++WLzUZPCGXVmag==",
      "cpu": [
        "arm64"
      ],
      "optional": true,
      "os": [
        "darwin"
      ],
      "engines": {
        "node": ">= 10"
      }
    },
    "node_modules/@napi-rs/snappy-darwin-x64": {
      "version": "7.1.1",
      "resolved": "https://registry.npmjs.org/@napi-rs/snappy-darwin-x64/-/snappy-darwin-x64-7.1.1.tgz",
      "integrity": "sha512-X1D2F67bQkPwr5iSR29/RnOrLwAkB55YO6t41toABzla3mflLDpzZcakz6FokIukykf7ey31/t73v/4pbgaBkg==",
      "cpu": [
        "x64"
      ],
      "optional": true,
      "os": [
        "darwin"
      ],
      "engines": {
        "node": ">= 10"
      }
    },
    "node_modules/@napi-rs/snappy-freebsd-x64": {
      "version": "7.1.1",
      "resolved": "https://registry.npmjs.org/@napi-rs/snappy-freebsd-x64/-/snappy-freebsd-x64-7.1.1.tgz",
      "integrity": "sha512-vSeuf+An8jFVHPAn5IbWE9hTGU9PFAaZLj/X7rKTQQtZstnDsHgWe6u4g7FHLuOdwQ8TvhcxAEpNlYIXIk4AJg==",
      "cpu": [
        "x64"
      ],
      "optional": true,
      "os": [
        "freebsd"
      ],
      "engines": {
        "node": ">= 10"
      }
    },
    "node_modules/@napi-rs/snappy-linux-arm-gnueabihf": {
      "version": "7.1.1",
      "resolved": "https://registry.npmjs.org/@napi-rs/snappy-linux-arm-gnueabihf/-/snappy-linux-arm-gnueabihf-7.1.1.tgz",
      "integrity": "sha512-/yyN6QsnOs3D1+jI3SfRX+gtnD86rbixdfmgxv9g40+FrDaDTLAu/3VuZIqH02qqq/xiWbDnkO+42RGxXDzTCw==",
      "cpu": [
        "arm"
      ],
      "optional": true,
      "os": [
        "linux"
      ],
      "engines": {
        "node": ">= 10"
      }
    },
    "node_modules/@napi-rs/snappy-linux-arm64-gnu": {
      "version": "7.1.1",
      "resolved": "https://registry.npmjs.org/@napi-rs/snappy-linux-arm64-gnu/-/snappy-linux-arm64-gnu-7.1.1.tgz",
      "integrity": "sha512-StEeUCSwUoajgrBtiCQPTkHu+0Q4QlYndghGZNdbN1zJ1ny70YzPpevaFBUyjI/eJ+FN9uICKtwTPtQNSILS5g==",
      "cpu": [
        "arm64"
      ],
      "optional": true,
      "os": [
        "linux"
      ],
      "engines": {
        "node": ">= 10"
      }
    },
    "node_modules/@napi-rs/snappy-linux-arm64-musl": {
      "version": "7.1.1",
      "resolved": "https://registry.npmjs.org/@napi-rs/snappy-linux-arm64-musl/-/snappy-linux-arm64-musl-7.1.1.tgz",
      "integrity": "sha512-jWEBRzj+lswZVYf0b5eY0fjMlBL9L9yqjmTuv2UIMjJNHPuR282LK/s3Fm9sYIXQtKkiCo5JyhmIcoghZ3v0Eg==",
      "cpu": [
        "arm64"
      ],
      "optional": true,
      "os": [
        "linux"
      ],
      "engines": {
        "node": ">= 10"
      }
    },
    "node_modules/@napi-rs/snappy-linux-x64-gnu": {
      "version": "7.1.1",
      "resolved": "https://registry.npmjs.org/@napi-rs/snappy-linux-x64-gnu/-/snappy-linux-x64-gnu-7.1.1.tgz",
      "integrity": "sha512-41DPoAUFAU9VNrj/96qKfStH2Xq88ZYIsSz8BlITDm2ScoeDGOGbmaWguCXU7I+bC2uKWTmUVMXKqk6tVY6LEg==",
      "cpu": [
        "x64"
      ],
      "optional": true,
      "os": [
        "linux"
      ],
      "engines": {
        "node": ">= 10"
      }
    },
    "node_modules/@napi-rs/snappy-linux-x64-musl": {
      "version": "7.1.1",
      "resolved": "https://registry.npmjs.org/@napi-rs/snappy-linux-x64-musl/-/snappy-linux-x64-musl-7.1.1.tgz",
      "integrity": "sha512-xR4hzFQqVq6J8Zf6XyUVtFJBaRgDyAQYUoBsCr92tZ7gI/0RlWCV6Q6JMO/wP5CSsvyFJIAtSUXXqlzIpw0GPA==",
      "cpu": [
        "x64"
      ],
      "optional": true,
      "os": [
        "linux"
      ],
      "engines": {
        "node": ">= 10"
      }
    },
    "node_modules/@napi-rs/snappy-win32-arm64-msvc": {
      "version": "7.1.1",
      "resolved": "https://registry.npmjs.org/@napi-rs/snappy-win32-arm64-msvc/-/snappy-win32-arm64-msvc-7.1.1.tgz",
      "integrity": "sha512-2mHPadctsaYtrfSV5Na8ooTdI5rflPxP1pceY4us6vbjeWrfgB+KQCuEFOHsGXqFNfsi6L9nWH8nB9swnxnSyw==",
      "cpu": [
        "arm64"
      ],
      "optional": true,
      "os": [
        "win32"
      ],
      "engines": {
        "node": ">= 10"
      }
    },
    "node_modules/@napi-rs/snappy-win32-ia32-msvc": {
      "version": "7.1.1",
      "resolved": "https://registry.npmjs.org/@napi-rs/snappy-win32-ia32-msvc/-/snappy-win32-ia32-msvc-7.1.1.tgz",
      "integrity": "sha512-FOMgs9W71hdgjyl3T9F7b/WEIuoryfgBqsyhtHjAaa/98R0BUHl0bOoHg8ka0b5GgnhLBHkX2Yd6VD+Si9Q2ww==",
      "cpu": [
        "ia32"
      ],
      "optional": true,
      "os": [
        "win32"
      ],
      "engines": {
        "node": ">= 10"
      }
    },
    "node_modules/@napi-rs/snappy-win32-x64-msvc": {
      "version": "7.1.1",
      "resolved": "https://registry.npmjs.org/@napi-rs/snappy-win32-x64-msvc/-/snappy-win32-x64-msvc-7.1.1.tgz",
      "integrity": "sha512-Mu3yELySvzhBcNTVCq+hYxVh+lH3/KjoQ5HIEb3DDPoX0AGRTm3XZa+usq8pFWjl91Cgp9nWK+9lVSkCCIRaKA==",
      "cpu": [
        "x64"
      ],
      "optional": true,
      "os": [
        "win32"
      ],
      "engines": {
        "node": ">= 10"
      }
    },
    "node_modules/snappy": {
      "version": "7.1.1",
      "resolved": "https://registry.npmjs.org/snappy/-/snappy-7.1.1.tgz",
      "integrity": "sha512-mL7GGPJ+WdsaFT5aR/uEqCq8cPg2VbhyifDEP7AeqIVDsAC8LBGYbZP1Qzoa2Ym84OW7JEQXqIpwqFp1EQw5BA==",
      "engines": {
        "node": ">= 10"
      },
      "funding": {
        "type": "github",
        "url": "https://github.com/sponsors/Brooooooklyn"
      },
      "optionalDependencies": {
        "@napi-rs/snappy-android-arm-eabi": "7.1.1",
        "@napi-rs/snappy-android-arm64": "7.1.1",
        "@napi-rs/snappy-darwin-arm64": "7.1.1",
        "@napi-rs/snappy-darwin-x64": "7.1.1",
        "@napi-rs/snappy-freebsd-x64": "7.1.1",
        "@napi-rs/snappy-linux-arm-gnueabihf": "7.1.1",
        "@napi-rs/snappy-linux-arm64-gnu": "7.1.1",
        "@napi-rs/snappy-linux-arm64-musl": "7.1.1",
        "@napi-rs/snappy-linux-x64-gnu": "7.1.1",
        "@napi-rs/snappy-linux-x64-musl": "7.1.1",
        "@napi-rs/snappy-win32-arm64-msvc": "7.1.1",
        "@napi-rs/snappy-win32-ia32-msvc": "7.1.1",
        "@napi-rs/snappy-win32-x64-msvc": "7.1.1"
      }
    }
  },
  "dependencies": {
    "@napi-rs/snappy-android-arm-eabi": {
      "version": "7.1.1",
      "resolved": "https://registry.npmjs.org/@napi-rs/snappy-android-arm-eabi/-/snappy-android-arm-eabi-7.1.1.tgz",
      "integrity": "sha512-NKd/ztuVEgQaAaNVQ5zZaCB9VV+7+uBXBHqhaE5iSapQhLc41szTlT0s68FCee75OoT3vhqdA6Jp5TrzZ2WOaw==",
      "optional": true
    },
    "@napi-rs/snappy-android-arm64": {
      "version": "7.1.1",
      "resolved": "https://registry.npmjs.org/@napi-rs/snappy-android-arm64/-/snappy-android-arm64-7.1.1.tgz",
      "integrity": "sha512-DktruMAO0K0toTnxNHg2GWNIAPJqdvIchCsdsRaKyuEnG101qBg0mYiRCAhxHgbT6RJlOGbUPKkbA9KKRhEJUg==",
      "optional": true
    },
    "@napi-rs/snappy-darwin-arm64": {
      "version": "7.1.1",
      "resolved": "https://registry.npmjs.org/@napi-rs/snappy-darwin-arm64/-/snappy-darwin-arm64-7.1.1.tgz",
      "integrity": "sha512-3LZyoAw3Qa5F7sCCTkSkhmGlydwUKU6L3Jl46eKHO2Ctm8Gcjxww6T7MfwlwGZ6JqAM6d1d++WLzUZPCGXVmag==",
      "optional": true
    },
    "@napi-rs/snappy-darwin-x64": {
      "version": "7.1.1",
      "resolved": "https://registry.npmjs.org/@napi-rs/snappy-darwin-x64/-/snappy-darwin-x64-7.1.1.tgz",
      "integrity": "sha512-X1D2F67bQkPwr5iSR29/RnOrLwAkB55YO6t41toABzla3mflLDpzZcakz6FokIukykf7ey31/t73v/4pbgaBkg==",
      "optional": true
    },
    "@napi-rs/snappy-freebsd-x64": {
      "version": "7.1.1",
      "resolved": "https://registry.npmjs.org/@napi-rs/snappy-freebsd-x64/-/snappy-freebsd-x64-7.1.1.tgz",
      "integrity": "sha512-vSeuf+An8jFVHPAn5IbWE9hTGU9PFAaZLj/X7rKTQQtZstnDsHgWe6u4g7FHLuOdwQ8TvhcxAEpNlYIXIk4AJg==",
      "optional": true
    },
    "@napi-rs/snappy-linux-arm-gnueabihf": {
      "version": "7.1.1",
      "resolved": "https://registry.npmjs.org/@napi-rs/snappy-linux-arm-gnueabihf/-/snappy-linux-arm-gnueabihf-7.1.1.tgz",
      "integrity": "sha512-/yyN6QsnOs3D1+jI3SfRX+gtnD86rbixdfmgxv9g40+FrDaDTLAu/3VuZIqH02qqq/xiWbDnkO+42RGxXDzTCw==",
      "optional": true
    },
    "@napi-rs/snappy-linux-arm64-gnu": {
      "version": "7.1.1",
      "resolved": "https://registry.npmjs.org/@napi-rs/snappy-linux-arm64-gnu/-/snappy-linux-arm64-gnu-7.1.1.tgz",
      "integrity": "sha512-StEeUCSwUoajgrBtiCQPTkHu+0Q4QlYndghGZNdbN1zJ1ny70YzPpevaFBUyjI/eJ+FN9uICKtwTPtQNSILS5g==",
      "optional": true
    },
    "@napi-rs/snappy-linux-arm64-musl": {
      "version": "7.1.1",
      "resolved": "https://registry.npmjs.org/@napi-rs/snappy-linux-arm64-musl/-/snappy-linux-arm64-musl-7.1.1.tgz",
      "integrity": "sha512-jWEBRzj+lswZVYf0b5eY0fjMlBL9L9yqjmTuv2UIMjJNHPuR282LK/s3Fm9sYIXQtKkiCo5JyhmIcoghZ3v0Eg==",
      "optional": true
    },
    "@napi-rs/snappy-linux-x64-gnu": {
      "version": "7.1.1",
      "resolved": "https://registry.npmjs.org/@napi-rs/snappy-linux-x64-gnu/-/snappy-linux-x64-gnu-7.1.1.tgz",
      "integrity": "sha512-41DPoAUFAU9VNrj/96qKfStH2Xq88ZYIsSz8BlITDm2ScoeDGOGbmaWguCXU7I+bC2uKWTmUVMXKqk6tVY6LEg==",
      "optional": true
    },
    "@napi-rs/snappy-linux-x64-musl": {
      "version": "7.1.1",
      "resolved": "https://registry.npmjs.org/@napi-rs/snappy-linux-x64-musl/-/snappy-linux-x64-musl-7.1.1.tgz",
      "integrity": "sha512-xR4hzFQqVq6J8Zf6XyUVtFJBaRgDyAQYUoBsCr92tZ7gI/0RlWCV6Q6JMO/wP5CSsvyFJIAtSUXXqlzIpw0GPA==",
      "optional": true
    },
    "@napi-rs/snappy-win32-arm64-msvc": {
      "version": "7.1.1",
      "resolved": "https://registry.npmjs.org/@napi-rs/snappy-win32-arm64-msvc/-/snappy-win32-arm64-msvc-7.1.1.tgz",
      "integrity": "sha512-2mHPadctsaYtrfSV5Na8ooTdI5rflPxP1pceY4us6vbjeWrfgB+KQCuEFOHsGXqFNfsi6L9nWH8nB9swnxnSyw==",
      "optional": true
    },
    "@napi-rs/snappy-win32-ia32-msvc": {
      "version": "7.1.1",
      "resolved": "https://registry.npmjs.org/@napi-rs/snappy-win32-ia32-msvc/-/snappy-win32-ia32-msvc-7.1.1.tgz",
      "integrity": "sha512-FOMgs9W71hdgjyl3T9F7b/WEIuoryfgBqsyhtHjAaa/98R0BUHl0bOoHg8ka0b5GgnhLBHkX2Yd6VD+Si9Q2ww==",
      "optional": true
    },
    "@napi-rs/snappy-win32-x64-msvc": {
      "version": "7.1.1",
      "resolved": "https://registry.npmjs.org/@napi-rs/snappy-win32-x64-msvc/-/snappy-win32-x64-msvc-7.1.1.tgz",
      "integrity": "sha512-Mu3yELySvzhBcNTVCq+hYxVh+lH3/KjoQ5HIEb3DDPoX0AGRTm3XZa+usq8pFWjl91Cgp9nWK+9lVSkCCIRaKA==",
      "optional": true
    },
    "snappy": {
      "version": "7.1.1",
      "resolved": "https://registry.npmjs.org/snappy/-/snappy-7.1.1.tgz",
      "integrity": "sha512-mL7GGPJ+WdsaFT5aR/uEqCq8cPg2VbhyifDEP7AeqIVDsAC8LBGYbZP1Qzoa2Ym84OW7JEQXqIpwqFp1EQw5BA==",
      "requires": {
        "@napi-rs/snappy-android-arm-eabi": "7.1.1",
        "@napi-rs/snappy-android-arm64": "7.1.1",
        "@napi-rs/snappy-darwin-arm64": "7.1.1",
        "@napi-rs/snappy-darwin-x64": "7.1.1",
        "@napi-rs/snappy-freebsd-x64": "7.1.1",
        "@napi-rs/snappy-linux-arm-gnueabihf": "7.1.1",
        "@napi-rs/snappy-linux-arm64-gnu": "7.1.1",
        "@napi-rs/snappy-linux-arm64-musl": "7.1.1",
        "@napi-rs/snappy-linux-x64-gnu": "7.1.1",
        "@napi-rs/snappy-linux-x64-musl": "7.1.1",
        "@napi-rs/snappy-win32-arm64-msvc": "7.1.1",
        "@napi-rs/snappy-win32-ia32-msvc": "7.1.1",
        "@napi-rs/snappy-win32-x64-msvc": "7.1.1"
      }
    }
  }
}
